
Microsoft Visual Studio Solution File, Format Version 12.00
# Visual Studio Version 16
VisualStudioVersion = 16.0.30517.126
MinimumVisualStudioVersion = 10.0.40219.1
Project("{FAE04EC0-301F-11D3-BF4B-00C04F79EFBC}") = "SnakeOOP", "SnakeOOP\SnakeOOP.csproj", "{A2CD86C5-16DE-4128-9CC3-804A7F82E893}"
EndProject
Global
	GlobalSection(SolutionConfigurationPlatforms) = preSolution
		Debug|Any CPU = Debug|Any CPU
		Release|Any CPU = Release|Any CPU
	EndGlobalSection
	GlobalSection(ProjectConfigurationPlatforms) = postSolution
		{A2CD86C5-16DE-4128-9CC3-804A7F82E893}.Debug|Any CPU.ActiveCfg = Debug|Any CPU
		{A2CD86C5-16DE-4128-9CC3-804A7F82E893}.Debug|Any CPU.Build.0 = Debug|Any CPU
		{A2CD86C5-16DE-4128-9CC3-804A7F82E893}.Release|Any CPU.ActiveCfg = Release|Any CPU
		{A2CD86C5-16DE-4128-9CC3-804A7F82E893}.Release|Any CPU.Build.0 = Release|Any CPU
	EndGlobalSection
	GlobalSection(SolutionProperties) = preSolution
		HideSolutionNode = FALSE
	EndGlobalSection
	GlobalSection(ExtensibilityGlobals) = postSolution
		SolutionGuid = {FD145299-D5B0-4FF1-93E8-4CB1AAD04997}
	EndGlobalSection
EndGlobal
